
Microsoft Visual Studio Solution File, Format Version 12.00
# Visual Studio Version 17
VisualStudioVersion = 17.12.35707.178
MinimumVisualStudioVersion = 10.0.40219.1
Project("{2150E333-8FDC-42A3-9474-1A3956D46DE8}") = "Services", "Services", "{BF4AA658-BEDD-4F42-B21A-5F12E91A3264}"
EndProject
Project("{2150E333-8FDC-42A3-9474-1A3956D46DE8}") = "Catalog", "Catalog", "{3CC30DDD-DFCA-49B8-A0B2-F0DB074AC07C}"
EndProject
Project("{FAE04EC0-301F-11D3-BF4B-00C04F79EFBC}") = "Catalog.Api", "Services\Catalog\Catalog.Api\Catalog.Api.csproj", "{FC3B1DD6-96C3-4D6B-8D3B-1F99EA755FB3}"
EndProject
Project("{E53339B2-1760-4266-BCC7-CA923CBCF16C}") = "docker-compose", "docker-compose.dcproj", "{CFA7FA78-099C-4144-9416-10AD0626F02E}"
EndProject
Project("{2150E333-8FDC-42A3-9474-1A3956D46DE8}") = "Basket", "Basket", "{E0A78DC3-B390-4F96-8BED-D3932D08CAB0}"
EndProject
Project("{FAE04EC0-301F-11D3-BF4B-00C04F79EFBC}") = "Basket.Api", "Services\Basket\Basket.Api\Basket.Api.csproj", "{7A17C97D-33D6-405A-B1D1-03DDD1F30282}"
EndProject
Project("{2150E333-8FDC-42A3-9474-1A3956D46DE8}") = "Discount", "Discount", "{17790CAC-4643-4054-AE93-2B557D1AAB70}"
EndProject
Project("{FAE04EC0-301F-11D3-BF4B-00C04F79EFBC}") = "Discount.Api", "Services\Discount\Discount.Api\Discount.Api.csproj", "{93B9A7C2-6DAD-41DC-A212-A9F6020234AA}"
EndProject
Global
	GlobalSection(SolutionConfigurationPlatforms) = preSolution
		Debug|Any CPU = Debug|Any CPU
		Release|Any CPU = Release|Any CPU
	EndGlobalSection
	GlobalSection(ProjectConfigurationPlatforms) = postSolution
		{FC3B1DD6-96C3-4D6B-8D3B-1F99EA755FB3}.Debug|Any CPU.ActiveCfg = Debug|Any CPU
		{FC3B1DD6-96C3-4D6B-8D3B-1F99EA755FB3}.Debug|Any CPU.Build.0 = Debug|Any CPU
		{FC3B1DD6-96C3-4D6B-8D3B-1F99EA755FB3}.Release|Any CPU.ActiveCfg = Release|Any CPU
		{FC3B1DD6-96C3-4D6B-8D3B-1F99EA755FB3}.Release|Any CPU.Build.0 = Release|Any CPU
		{CFA7FA78-099C-4144-9416-10AD0626F02E}.Debug|Any CPU.ActiveCfg = Debug|Any CPU
		{CFA7FA78-099C-4144-9416-10AD0626F02E}.Debug|Any CPU.Build.0 = Debug|Any CPU
		{CFA7FA78-099C-4144-9416-10AD0626F02E}.Release|Any CPU.ActiveCfg = Release|Any CPU
		{CFA7FA78-099C-4144-9416-10AD0626F02E}.Release|Any CPU.Build.0 = Release|Any CPU
		{7A17C97D-33D6-405A-B1D1-03DDD1F30282}.Debug|Any CPU.ActiveCfg = Debug|Any CPU
		{7A17C97D-33D6-405A-B1D1-03DDD1F30282}.Debug|Any CPU.Build.0 = Debug|Any CPU
		{7A17C97D-33D6-405A-B1D1-03DDD1F30282}.Release|Any CPU.ActiveCfg = Release|Any CPU
		{7A17C97D-33D6-405A-B1D1-03DDD1F30282}.Release|Any CPU.Build.0 = Release|Any CPU
		{93B9A7C2-6DAD-41DC-A212-A9F6020234AA}.Debug|Any CPU.ActiveCfg = Debug|Any CPU
		{93B9A7C2-6DAD-41DC-A212-A9F6020234AA}.Debug|Any CPU.Build.0 = Debug|Any CPU
		{93B9A7C2-6DAD-41DC-A212-A9F6020234AA}.Release|Any CPU.ActiveCfg = Release|Any CPU
		{93B9A7C2-6DAD-41DC-A212-A9F6020234AA}.Release|Any CPU.Build.0 = Release|Any CPU
	EndGlobalSection
	GlobalSection(SolutionProperties) = preSolution
		HideSolutionNode = FALSE
	EndGlobalSection
	GlobalSection(NestedProjects) = preSolution
		{3CC30DDD-DFCA-49B8-A0B2-F0DB074AC07C} = {BF4AA658-BEDD-4F42-B21A-5F12E91A3264}
		{FC3B1DD6-96C3-4D6B-8D3B-1F99EA755FB3} = {3CC30DDD-DFCA-49B8-A0B2-F0DB074AC07C}
		{E0A78DC3-B390-4F96-8BED-D3932D08CAB0} = {BF4AA658-BEDD-4F42-B21A-5F12E91A3264}
		{7A17C97D-33D6-405A-B1D1-03DDD1F30282} = {E0A78DC3-B390-4F96-8BED-D3932D08CAB0}
		{17790CAC-4643-4054-AE93-2B557D1AAB70} = {BF4AA658-BEDD-4F42-B21A-5F12E91A3264}
		{93B9A7C2-6DAD-41DC-A212-A9F6020234AA} = {17790CAC-4643-4054-AE93-2B557D1AAB70}
	EndGlobalSection
EndGlobal
